# THIS IS AN AUTOGENERATED FILE. DO NOT EDIT THIS FILE DIRECTLY.
# yarn lockfile v1


"@babel/helper-validator-identifier@^7.14.0":
  version "7.14.0"
  resolved "https://registry.nlark.com/@babel/helper-validator-identifier/download/@babel/helper-validator-identifier-7.14.0.tgz?cache=0&sync_timestamp=1619727430134&other_urls=https%3A%2F%2Fregistry.nlark.com%2F%40babel%2Fhelper-validator-identifier%2Fdownload%2F%40babel%2Fhelper-validator-identifier-7.14.0.tgz#d26cad8a47c65286b15df1547319a5d0bcf27288"
  integrity sha1-0mytikfGUoaxXfFUcxml0Lzycog=

"@babel/parser@^7.12.0", "@babel/parser@^7.13.9":
  version "7.14.4"
  resolved "https://registry.nlark.com/@babel/parser/download/@babel/parser-7.14.4.tgz#a5c560d6db6cd8e6ed342368dea8039232cbab18"
  integrity sha1-pcVg1tts2ObtNCNo3qgDkjLLqxg=

"@babel/types@^7.12.0", "@babel/types@^7.13.0":
  version "7.14.4"
  resolved "https://registry.nlark.com/@babel/types/download/@babel/types-7.14.4.tgz?cache=0&sync_timestamp=1622221256190&other_urls=https%3A%2F%2Fregistry.nlark.com%2F%40babel%2Ftypes%2Fdownload%2F%40babel%2Ftypes-7.14.4.tgz#bfd6980108168593b38b3eb48a24aa026b919bc0"
  integrity sha1-v9aYAQgWhZOziz60iiSqAmuRm8A=
  dependencies:
    "@babel/helper-validator-identifier" "^7.14.0"
    to-fast-properties "^2.0.0"

"@css-render/plugin-bem@^0.15.2":
  version "0.15.2"
  resolved "https://registry.nlark.com/@css-render/plugin-bem/download/@css-render/plugin-bem-0.15.2.tgz#c01e298d6494ce6aa0452eb1533f773fa287b16f"
  integrity sha1-wB4pjWSUzmqgRS6xUz93P6KHsW8=
  dependencies:
    css-render "~0.15.2"

"@css-render/vue3-ssr@^0.15.2":
  version "0.15.2"
  resolved "https://registry.nlark.com/@css-render/vue3-ssr/download/@css-render/vue3-ssr-0.15.2.tgz#b42fe31fd0fef77efbee962bd831c821a99abea4"
  integrity sha1-tC/jH9D+93777pYr2DHIIamavqQ=

"@emotion/hash@~0.8.0":
  version "0.8.0"
  resolved "https://registry.npm.taobao.org/@emotion/hash/download/@emotion/hash-0.8.0.tgz#bbbff68978fefdbe68ccb533bc8cbe1d1afb5413"
  integrity sha1-u7/2iXj+/b5ozLUzvIy+HRr7VBM=

"@jest/types@^26.6.2":
  version "26.6.2"
  resolved "https://registry.nlark.com/@jest/types/download/@jest/types-26.6.2.tgz?cache=0&sync_timestamp=1622290050288&other_urls=https%3A%2F%2Fregistry.nlark.com%2F%40jest%2Ftypes%2Fdownload%2F%40jest%2Ftypes-26.6.2.tgz#bef5a532030e1d88a2f5a6d933f84e97226ed48e"
  integrity sha1-vvWlMgMOHYii9abZM/hOlyJu1I4=
  dependencies:
    "@types/istanbul-lib-coverage" "^2.0.0"
    "@types/istanbul-reports" "^3.0.0"
    "@types/node" "*"
    "@types/yargs" "^15.0.0"
    chalk "^4.0.0"

"@types/istanbul-lib-coverage@*", "@types/istanbul-lib-coverage@^2.0.0":
  version "2.0.3"
  resolved "https://registry.nlark.com/@types/istanbul-lib-coverage/download/@types/istanbul-lib-coverage-2.0.3.tgz?cache=0&sync_timestamp=1621241456732&other_urls=https%3A%2F%2Fregistry.nlark.com%2F%40types%2Fistanbul-lib-coverage%2Fdownload%2F%40types%2Fistanbul-lib-coverage-2.0.3.tgz#4ba8ddb720221f432e443bd5f9117fd22cfd4762"
  integrity sha1-S6jdtyAiH0MuRDvV+RF/0iz9R2I=

"@types/istanbul-lib-report@*":
  version "3.0.0"
  resolved "https://registry.nlark.com/@types/istanbul-lib-report/download/@types/istanbul-lib-report-3.0.0.tgz#c14c24f18ea8190c118ee7562b7ff99a36552686"
  integrity sha1-wUwk8Y6oGQwRjudWK3/5mjZVJoY=
  dependencies:
    "@types/istanbul-lib-coverage" "*"

"@types/istanbul-reports@^3.0.0":
  version "3.0.1"
  resolved "https://registry.nlark.com/@types/istanbul-reports/download/@types/istanbul-reports-3.0.1.tgz?cache=0&sync_timestamp=1622582672955&other_urls=https%3A%2F%2Fregistry.nlark.com%2F%40types%2Fistanbul-reports%2Fdownload%2F%40types%2Fistanbul-reports-3.0.1.tgz#9153fe98bba2bd565a63add9436d6f0d7f8468ff"
  integrity sha1-kVP+mLuivVZaY63ZQ21vDX+EaP8=
  dependencies:
    "@types/istanbul-lib-report" "*"

"@types/jest@^26.0.20":
  version "26.0.23"
  resolved "https://registry.nlark.com/@types/jest/download/@types/jest-26.0.23.tgz#a1b7eab3c503b80451d019efb588ec63522ee4e7"
  integrity sha1-obfqs8UDuARR0BnvtYjsY1Iu5Oc=
  dependencies:
    jest-diff "^26.0.0"
    pretty-format "^26.0.0"

"@types/node@*":
  version "15.12.2"
  resolved "https://registry.nlark.com/@types/node/download/@types/node-15.12.2.tgz#1f2b42c4be7156ff4a6f914b2fb03d05fa84e38d"
  integrity sha1-HytCxL5xVv9Kb5FLL7A9BfqE440=

"@types/node@^14.14.10":
  version "14.17.3"
  resolved "https://registry.nlark.com/@types/node/download/@types/node-14.17.3.tgz#6d327abaa4be34a74e421ed6409a0ae2f47f4c3d"
  integrity sha1-bTJ6uqS+NKdOQh7WQJoK4vR/TD0=

"@types/node@~14.14.31":
  version "14.14.45"
  resolved "https://registry.nlark.com/@types/node/download/@types/node-14.14.45.tgz#ec2dfb5566ff814d061aef7e141575aedba245cf"
  integrity sha1-7C37VWb/gU0GGu9+FBV1rtuiRc8=

"@types/yargs-parser@*":
  version "20.2.0"
  resolved "https://registry.nlark.com/@types/yargs-parser/download/@types/yargs-parser-20.2.0.tgz#dd3e6699ba3237f0348cd085e4698780204842f9"
  integrity sha1-3T5mmboyN/A0jNCF5GmHgCBIQvk=

"@types/yargs@^15.0.0":
  version "15.0.13"
  resolved "https://registry.nlark.com/@types/yargs/download/@types/yargs-15.0.13.tgz?cache=0&sync_timestamp=1621593435560&other_urls=https%3A%2F%2Fregistry.nlark.com%2F%40types%2Fyargs%2Fdownload%2F%40types%2Fyargs-15.0.13.tgz#34f7fec8b389d7f3c1fd08026a5763e072d3c6dc"
  integrity sha1-NPf+yLOJ1/PB/QgCaldj4HLTxtw=
  dependencies:
    "@types/yargs-parser" "*"

"@vitejs/plugin-vue@^1.2.3":
  version "1.2.3"
  resolved "https://registry.nlark.com/@vitejs/plugin-vue/download/@vitejs/plugin-vue-1.2.3.tgz?cache=0&sync_timestamp=1622507070421&other_urls=https%3A%2F%2Fregistry.nlark.com%2F%40vitejs%2Fplugin-vue%2Fdownload%2F%40vitejs%2Fplugin-vue-1.2.3.tgz#2e8e008b1cc3a6ad1dfbec75743c7ffd9b4872a6"
  integrity sha1-Lo4AixzDpq0d++x1dDx//ZtIcqY=

"@vue/compiler-core@3.1.1":
  version "3.1.1"
  resolved "https://registry.nlark.com/@vue/compiler-core/download/@vue/compiler-core-3.1.1.tgz#4f2c5d70eabd454675714cc8bd2b97f6a8efb196"
  integrity sha1-TyxdcOq9RUZ1cUzIvSuX9qjvsZY=
  dependencies:
    "@babel/parser" "^7.12.0"
    "@babel/types" "^7.12.0"
    "@vue/shared" "3.1.1"
    estree-walker "^2.0.1"
    source-map "^0.6.1"

"@vue/compiler-dom@3.1.1":
  version "3.1.1"
  resolved "https://registry.nlark.com/@vue/compiler-dom/download/@vue/compiler-dom-3.1.1.tgz#ef60d856ac2ede5b2ad5c72a7a68122895e3d652"
  integrity sha1-72DYVqwu3lsq1ccqemgSKJXj1lI=
  dependencies:
    "@vue/compiler-core" "3.1.1"
    "@vue/shared" "3.1.1"

"@vue/compiler-sfc@^3.0.5":
  version "3.1.1"
  resolved "https://registry.nlark.com/@vue/compiler-sfc/download/@vue/compiler-sfc-3.1.1.tgz#d4e4507c013d0b219f0b106b317ec5bb1cde3398"
  integrity sha1-1ORQfAE9CyGfCxBrMX7FuxzeM5g=
  dependencies:
    "@babel/parser" "^7.13.9"
    "@babel/types" "^7.13.0"
    "@vue/compiler-core" "3.1.1"
    "@vue/compiler-dom" "3.1.1"
    "@vue/compiler-ssr" "3.1.1"
    "@vue/shared" "3.1.1"
    consolidate "^0.16.0"
    estree-walker "^2.0.1"
    hash-sum "^2.0.0"
    lru-cache "^5.1.1"
    magic-string "^0.25.7"
    merge-source-map "^1.1.0"
    postcss "^8.1.10"
    postcss-modules "^4.0.0"
    postcss-selector-parser "^6.0.4"
    source-map "^0.6.1"

"@vue/compiler-ssr@3.1.1":
  version "3.1.1"
  resolved "https://registry.nlark.com/@vue/compiler-ssr/download/@vue/compiler-ssr-3.1.1.tgz#1d08b98601397258ed059b75966e0e94a385d770"
  integrity sha1-HQi5hgE5cljtBZt1lm4OlKOF13A=
  dependencies:
    "@vue/compiler-dom" "3.1.1"
    "@vue/shared" "3.1.1"

"@vue/devtools-api@^6.0.0-beta.10":
  version "6.0.0-beta.13"
  resolved "https://registry.nlark.com/@vue/devtools-api/download/@vue/devtools-api-6.0.0-beta.13.tgz?cache=0&sync_timestamp=1623109604795&other_urls=https%3A%2F%2Fregistry.nlark.com%2F%40vue%2Fdevtools-api%2Fdownload%2F%40vue%2Fdevtools-api-6.0.0-beta.13.tgz#ff31e552ae3e99b5f2c0af0ca81f0889dbfb2155"
  integrity sha1-/zHlUq4+mbXywK8MqB8Iidv7IVU=

"@vue/reactivity@3.1.1":
  version "3.1.1"
  resolved "https://registry.nlark.com/@vue/reactivity/download/@vue/reactivity-3.1.1.tgz#9c02fd146a6c3b03e7d658b7cf76f4b69b0f98c8"
  integrity sha1-nAL9FGpsOwPn1li3z3b0tpsPmMg=
  dependencies:
    "@vue/shared" "3.1.1"

"@vue/runtime-core@3.1.1":
  version "3.1.1"
  resolved "https://registry.nlark.com/@vue/runtime-core/download/@vue/runtime-core-3.1.1.tgz#542110c09a643d7d80646a2f071aff6b324c4158"
  integrity sha1-VCEQwJpkPX2AZGovBxr/azJMQVg=
  dependencies:
    "@vue/reactivity" "3.1.1"
    "@vue/shared" "3.1.1"

"@vue/runtime-dom@3.1.1":
  version "3.1.1"
  resolved "https://registry.nlark.com/@vue/runtime-dom/download/@vue/runtime-dom-3.1.1.tgz#5539bbce132d29f6445b4964cb7b4164a89a5ce6"
  integrity sha1-VTm7zhMtKfZEW0lky3tBZKiaXOY=
  dependencies:
    "@vue/runtime-core" "3.1.1"
    "@vue/shared" "3.1.1"
    csstype "^2.6.8"

"@vue/shared@3.1.1":
  version "3.1.1"
  resolved "https://registry.nlark.com/@vue/shared/download/@vue/shared-3.1.1.tgz#2287cfc3dc20e5b20aeb65c2c3a56533bdca801c"
  integrity sha1-IofPw9wg5bIK62XCw6VlM73KgBw=

ansi-regex@^5.0.0:
  version "5.0.0"
  resolved "https://registry.npm.taobao.org/ansi-regex/download/ansi-regex-5.0.0.tgz#388539f55179bf39339c81af30a654d69f87cb75"
  integrity sha1-OIU59VF5vzkznIGvMKZU1p+Hy3U=

ansi-styles@^4.0.0, ansi-styles@^4.1.0:
  version "4.3.0"
  resolved "https://registry.nlark.com/ansi-styles/download/ansi-styles-4.3.0.tgz#edd803628ae71c04c85ae7a0906edad34b648937"
  integrity sha1-7dgDYornHATIWuegkG7a00tkiTc=
  dependencies:
    color-convert "^2.0.1"

async-validator@^3.5.1:
  version "3.5.2"
  resolved "https://registry.nlark.com/async-validator/download/async-validator-3.5.2.tgz?cache=0&sync_timestamp=1619756044645&other_urls=https%3A%2F%2Fregistry.nlark.com%2Fasync-validator%2Fdownload%2Fasync-validator-3.5.2.tgz#68e866a96824e8b2694ff7a831c1a25c44d5e500"
  integrity sha1-aOhmqWgk6LJpT/eoMcGiXETV5QA=

big.js@^5.2.2:
  version "5.2.2"
  resolved "https://registry.nlark.com/big.js/download/big.js-5.2.2.tgz#65f0af382f578bcdc742bd9c281e9cb2d7768328"
  integrity sha1-ZfCvOC9Xi83HQr2cKB6cstd2gyg=

bluebird@^3.7.2:
  version "3.7.2"
  resolved "https://registry.npm.taobao.org/bluebird/download/bluebird-3.7.2.tgz?cache=0&sync_timestamp=1602657218976&other_urls=https%3A%2F%2Fregistry.npm.taobao.org%2Fbluebird%2Fdownload%2Fbluebird-3.7.2.tgz#9f229c15be272454ffa973ace0dbee79a1b0c36f"
  integrity sha1-nyKcFb4nJFT/qXOs4NvueaGww28=

chalk@^4.0.0:
  version "4.1.1"
  resolved "https://registry.nlark.com/chalk/download/chalk-4.1.1.tgz?cache=0&sync_timestamp=1618995384030&other_urls=https%3A%2F%2Fregistry.nlark.com%2Fchalk%2Fdownload%2Fchalk-4.1.1.tgz#c80b3fab28bf6371e6863325eee67e618b77e6ad"
  integrity sha1-yAs/qyi/Y3HmhjMl7uZ+YYt35q0=
  dependencies:
    ansi-styles "^4.1.0"
    supports-color "^7.1.0"

color-convert@^2.0.1:
  version "2.0.1"
  resolved "https://registry.npm.taobao.org/color-convert/download/color-convert-2.0.1.tgz#72d3a68d598c9bdb3af2ad1e84f21d896abd4de3"
  integrity sha1-ctOmjVmMm9s68q0ehPIdiWq9TeM=
  dependencies:
    color-name "~1.1.4"

color-name@~1.1.4:
  version "1.1.4"
  resolved "https://registry.npm.taobao.org/color-name/download/color-name-1.1.4.tgz#c2a09a87acbde69543de6f63fa3995c826c536a2"
  integrity sha1-wqCah6y95pVD3m9j+jmVyCbFNqI=

colorette@^1.2.2:
  version "1.2.2"
  resolved "https://registry.npm.taobao.org/colorette/download/colorette-1.2.2.tgz?cache=0&sync_timestamp=1614259647923&other_urls=https%3A%2F%2Fregistry.npm.taobao.org%2Fcolorette%2Fdownload%2Fcolorette-1.2.2.tgz#cbcc79d5e99caea2dbf10eb3a26fd8b3e6acfa94"
  integrity sha1-y8x51emcrqLb8Q6zom/Ys+as+pQ=

consolidate@^0.16.0:
  version "0.16.0"
  resolved "https://registry.npm.taobao.org/consolidate/download/consolidate-0.16.0.tgz#a11864768930f2f19431660a65906668f5fbdc16"
  integrity sha1-oRhkdokw8vGUMWYKZZBmaPX73BY=
  dependencies:
    bluebird "^3.7.2"

css-render@^0.15.2, css-render@~0.15.2:
  version "0.15.2"
  resolved "https://registry.nlark.com/css-render/download/css-render-0.15.2.tgz#452e781a40bc8a97848adb970ed25f49b38a8716"
  integrity sha1-RS54GkC8ipeEituXDtJfSbOKhxY=
  dependencies:
    "@emotion/hash" "~0.8.0"
    "@types/node" "~14.14.31"
    csstype "~3.0.5"

cssesc@^3.0.0:
  version "3.0.0"
  resolved "https://registry.npm.taobao.org/cssesc/download/cssesc-3.0.0.tgz#37741919903b868565e1c09ea747445cd18983ee"
  integrity sha1-N3QZGZA7hoVl4cCep0dEXNGJg+4=

csstype@^2.6.8:
  version "2.6.17"
  resolved "https://registry.nlark.com/csstype/download/csstype-2.6.17.tgz#4cf30eb87e1d1a005d8b6510f95292413f6a1c0e"
  integrity sha1-TPMOuH4dGgBdi2UQ+VKSQT9qHA4=

csstype@~3.0.5:
  version "3.0.8"
  resolved "https://registry.nlark.com/csstype/download/csstype-3.0.8.tgz#d2266a792729fb227cd216fb572f43728e1ad340"
  integrity sha1-0iZqeScp+yJ80hb7Vy9Dco4a00A=

date-fns@^2.19.0:
  version "2.22.1"
  resolved "https://registry.nlark.com/date-fns/download/date-fns-2.22.1.tgz?cache=0&sync_timestamp=1622203550770&other_urls=https%3A%2F%2Fregistry.nlark.com%2Fdate-fns%2Fdownload%2Fdate-fns-2.22.1.tgz#1e5af959831ebb1d82992bf67b765052d8f0efc4"
  integrity sha1-Hlr5WYMeux2CmSv2e3ZQUtjw78Q=

diff-sequences@^26.6.2:
  version "26.6.2"
  resolved "https://registry.nlark.com/diff-sequences/download/diff-sequences-26.6.2.tgz?cache=0&sync_timestamp=1621937263741&other_urls=https%3A%2F%2Fregistry.nlark.com%2Fdiff-sequences%2Fdownload%2Fdiff-sequences-26.6.2.tgz#48ba99157de1923412eed41db6b6d4aa9ca7c0b1"
  integrity sha1-SLqZFX3hkjQS7tQdtrbUqpynwLE=

emojis-list@^3.0.0:
  version "3.0.0"
  resolved "https://registry.npm.taobao.org/emojis-list/download/emojis-list-3.0.0.tgz#5570662046ad29e2e916e71aae260abdff4f6a78"
  integrity sha1-VXBmIEatKeLpFucariYKvf9Pang=

esbuild@^0.12.5:
  version "0.12.6"
  resolved "https://registry.nlark.com/esbuild/download/esbuild-0.12.6.tgz#85bc755c7cf3005d4f34b4f10f98049ce0ee67ce"
  integrity sha1-hbx1XHzzAF1PNLTxD5gEnODuZ84=

estree-walker@^2.0.1:
  version "2.0.2"
  resolved "https://registry.npm.taobao.org/estree-walker/download/estree-walker-2.0.2.tgz#52f010178c2a4c117a7757cfe942adb7d2da4cac"
  integrity sha1-UvAQF4wqTBF6d1fP6UKtt9LaTKw=

evtd@^0.2.2:
  version "0.2.2"
  resolved "https://registry.nlark.com/evtd/download/evtd-0.2.2.tgz#bebbe27e15aedc1d5c18bc2620dfc90f260787c3"
  integrity sha1-vrvifhWu3B1cGLwmIN/JDyYHh8M=

fsevents@~2.3.1:
  version "2.3.2"
  resolved "https://registry.npm.taobao.org/fsevents/download/fsevents-2.3.2.tgz#8a526f78b8fdf4623b709e0b975c52c24c02fd1a"
  integrity sha1-ilJveLj99GI7cJ4Ll1xSwkwC/Ro=

function-bind@^1.1.1:
  version "1.1.1"
  resolved "https://registry.npm.taobao.org/function-bind/download/function-bind-1.1.1.tgz#a56899d3ea3c9bab874bb9773b7c5ede92f4895d"
  integrity sha1-pWiZ0+o8m6uHS7l3O3xe3pL0iV0=

generic-names@^2.0.1:
  version "2.0.1"
  resolved "https://registry.npm.taobao.org/generic-names/download/generic-names-2.0.1.tgz#f8a378ead2ccaa7a34f0317b05554832ae41b872"
  integrity sha1-+KN46tLMqno08DF7BVVIMq5BuHI=
  dependencies:
    loader-utils "^1.1.0"

has-flag@^4.0.0:
  version "4.0.0"
  resolved "https://registry.npm.taobao.org/has-flag/download/has-flag-4.0.0.tgz?cache=0&sync_timestamp=1618559744568&other_urls=https%3A%2F%2Fregistry.npm.taobao.org%2Fhas-flag%2Fdownload%2Fhas-flag-4.0.0.tgz#944771fd9c81c81265c4d6941860da06bb59479b"
  integrity sha1-lEdx/ZyByBJlxNaUGGDaBrtZR5s=

has@^1.0.3:
  version "1.0.3"
  resolved "https://registry.nlark.com/has/download/has-1.0.3.tgz?cache=0&sync_timestamp=1618847173393&other_urls=https%3A%2F%2Fregistry.nlark.com%2Fhas%2Fdownload%2Fhas-1.0.3.tgz#722d7cbfc1f6aa8241f16dd814e011e1f41e8796"
  integrity sha1-ci18v8H2qoJB8W3YFOAR4fQeh5Y=
  dependencies:
    function-bind "^1.1.1"

hash-sum@^2.0.0:
  version "2.0.0"
  resolved "https://registry.npm.taobao.org/hash-sum/download/hash-sum-2.0.0.tgz#81d01bb5de8ea4a214ad5d6ead1b523460b0b45a"
  integrity sha1-gdAbtd6OpKIUrV1urRtSNGCwtFo=

highlight.js@^10.7.1:
  version "10.7.3"
  resolved "https://registry.nlark.com/highlight.js/download/highlight.js-10.7.3.tgz#697272e3991356e40c3cac566a74eef681756531"
  integrity sha1-aXJy45kTVuQMPKxWanTu9oF1ZTE=

icss-replace-symbols@^1.1.0:
  version "1.1.0"
  resolved "https://registry.npm.taobao.org/icss-replace-symbols/download/icss-replace-symbols-1.1.0.tgz#06ea6f83679a7749e386cfe1fe812ae5db223ded"
  integrity sha1-Bupvg2ead0njhs/h/oEq5dsiPe0=

icss-utils@^5.0.0:
  version "5.1.0"
  resolved "https://registry.npm.taobao.org/icss-utils/download/icss-utils-5.1.0.tgz#c6be6858abd013d768e98366ae47e25d5887b1ae"
  integrity sha1-xr5oWKvQE9do6YNmrkfiXViHsa4=

is-core-module@^2.2.0:
  version "2.4.0"
  resolved "https://registry.nlark.com/is-core-module/download/is-core-module-2.4.0.tgz#8e9fc8e15027b011418026e98f0e6f4d86305cc1"
  integrity sha1-jp/I4VAnsBFBgCbpjw5vTYYwXME=
  dependencies:
    has "^1.0.3"

jest-diff@^26.0.0:
  version "26.6.2"
  resolved "https://registry.nlark.com/jest-diff/download/jest-diff-26.6.2.tgz#1aa7468b52c3a68d7d5c5fdcdfcd5e49bd164394"
  integrity sha1-GqdGi1LDpo19XF/c381eSb0WQ5Q=
  dependencies:
    chalk "^4.0.0"
    diff-sequences "^26.6.2"
    jest-get-type "^26.3.0"
    pretty-format "^26.6.2"

jest-get-type@^26.3.0:
  version "26.3.0"
  resolved "https://registry.nlark.com/jest-get-type/download/jest-get-type-26.3.0.tgz?cache=0&sync_timestamp=1621937309906&other_urls=https%3A%2F%2Fregistry.nlark.com%2Fjest-get-type%2Fdownload%2Fjest-get-type-26.3.0.tgz#e97dc3c3f53c2b406ca7afaed4493b1d099199e0"
  integrity sha1-6X3Dw/U8K0Bsp6+u1Ek7HQmRmeA=

json5@^1.0.1:
  version "1.0.1"
  resolved "https://registry.npm.taobao.org/json5/download/json5-1.0.1.tgz#779fb0018604fa854eacbf6252180d83543e3dbe"
  integrity sha1-d5+wAYYE+oVOrL9iUhgNg1Q+Pb4=
  dependencies:
    minimist "^1.2.0"

loader-utils@^1.1.0:
  version "1.4.0"
  resolved "https://registry.npm.taobao.org/loader-utils/download/loader-utils-1.4.0.tgz#c579b5e34cb34b1a74edc6c1fb36bfa371d5a613"
  integrity sha1-xXm140yzSxp07cbB+za/o3HVphM=
  dependencies:
    big.js "^5.2.2"
    emojis-list "^3.0.0"
    json5 "^1.0.1"

lodash-es@^4.17.21:
  version "4.17.21"
  resolved "https://registry.npm.taobao.org/lodash-es/download/lodash-es-4.17.21.tgz?cache=0&sync_timestamp=1613836280924&other_urls=https%3A%2F%2Fregistry.npm.taobao.org%2Flodash-es%2Fdownload%2Flodash-es-4.17.21.tgz#43e626c46e6591b7750beb2b50117390c609e3ee"
  integrity sha1-Q+YmxG5lkbd1C+srUBFzkMYJ4+4=

lodash.camelcase@^4.3.0:
  version "4.3.0"
  resolved "https://registry.nlark.com/lodash.camelcase/download/lodash.camelcase-4.3.0.tgz#b28aa6288a2b9fc651035c7711f65ab6190331a6"
  integrity sha1-soqmKIorn8ZRA1x3EfZathkDMaY=

lodash@^4.17.21:
  version "4.17.21"
  resolved "https://registry.npm.taobao.org/lodash/download/lodash-4.17.21.tgz#679591c564c3bffaae8454cf0b3df370c3d6911c"
  integrity sha1-Z5WRxWTDv/quhFTPCz3zcMPWkRw=

lru-cache@^5.1.1:
  version "5.1.1"
  resolved "https://registry.npm.taobao.org/lru-cache/download/lru-cache-5.1.1.tgz#1da27e6710271947695daf6848e847f01d84b920"
  integrity sha1-HaJ+ZxAnGUdpXa9oSOhH8B2EuSA=
  dependencies:
    yallist "^3.0.2"

magic-string@^0.25.7:
  version "0.25.7"
  resolved "https://registry.npm.taobao.org/magic-string/download/magic-string-0.25.7.tgz#3f497d6fd34c669c6798dcb821f2ef31f5445051"
  integrity sha1-P0l9b9NMZpxnmNy4IfLvMfVEUFE=
  dependencies:
    sourcemap-codec "^1.4.4"

merge-source-map@^1.1.0:
  version "1.1.0"
  resolved "https://registry.npm.taobao.org/merge-source-map/download/merge-source-map-1.1.0.tgz#2fdde7e6020939f70906a68f2d7ae685e4c8c646"
  integrity sha1-L93n5gIJOfcJBqaPLXrmheTIxkY=
  dependencies:
    source-map "^0.6.1"

minimist@^1.2.0:
  version "1.2.5"
  resolved "https://registry.npm.taobao.org/minimist/download/minimist-1.2.5.tgz?cache=0&sync_timestamp=1602337228360&other_urls=https%3A%2F%2Fregistry.npm.taobao.org%2Fminimist%2Fdownload%2Fminimist-1.2.5.tgz#67d66014b66a6a8aaa0c083c5fd58df4e4e97602"
  integrity sha1-Z9ZgFLZqaoqqDAg8X9WN9OTpdgI=

naive-ui@^2.11.4:
  version "2.11.4"
  resolved "https://registry.nlark.com/naive-ui/download/naive-ui-2.11.4.tgz#82eaa09126750053fdc73232dc25df80397651c2"
  integrity sha1-guqgkSZ1AFP9xzIy3CXfgDl2UcI=
  dependencies:
    "@css-render/plugin-bem" "^0.15.2"
    "@css-render/vue3-ssr" "^0.15.2"
    async-validator "^3.5.1"
    css-render "^0.15.2"
    date-fns "^2.19.0"
    evtd "^0.2.2"
    highlight.js "^10.7.1"
    lodash "^4.17.21"
    lodash-es "^4.17.21"
    seemly "^0.3.1"
    treemate "^0.2.10"
    vdirs "^0.1.4"
    vfonts "^0.1.0"
    vooks "^0.2.4"
    vue "^3.0.10"
    vue-router "^4.0.5"
    vueuc "^0.4.5"

nanoid@^3.1.23:
  version "3.1.23"
  resolved "https://registry.nlark.com/nanoid/download/nanoid-3.1.23.tgz#f744086ce7c2bc47ee0a8472574d5c78e4183a81"
  integrity sha1-90QIbOfCvEfuCoRyV01ceOQYOoE=

path-parse@^1.0.6:
  version "1.0.7"
  resolved "https://registry.nlark.com/path-parse/download/path-parse-1.0.7.tgz#fbc114b60ca42b30d9daf5858e4bd68bbedb6735"
  integrity sha1-+8EUtgykKzDZ2vWFjkvWi77bZzU=

postcss-modules-extract-imports@^3.0.0:
  version "3.0.0"
  resolved "https://registry.npm.taobao.org/postcss-modules-extract-imports/download/postcss-modules-extract-imports-3.0.0.tgz#cda1f047c0ae80c97dbe28c3e76a43b88025741d"
  integrity sha1-zaHwR8CugMl9vijD52pDuIAldB0=

postcss-modules-local-by-default@^4.0.0:
  version "4.0.0"
  resolved "https://registry.npm.taobao.org/postcss-modules-local-by-default/download/postcss-modules-local-by-default-4.0.0.tgz?cache=0&sync_timestamp=1602587625149&other_urls=https%3A%2F%2Fregistry.npm.taobao.org%2Fpostcss-modules-local-by-default%2Fdownload%2Fpostcss-modules-local-by-default-4.0.0.tgz#ebbb54fae1598eecfdf691a02b3ff3b390a5a51c"
  integrity sha1-67tU+uFZjuz99pGgKz/zs5ClpRw=
  dependencies:
    icss-utils "^5.0.0"
    postcss-selector-parser "^6.0.2"
    postcss-value-parser "^4.1.0"

postcss-modules-scope@^3.0.0:
  version "3.0.0"
  resolved "https://registry.npm.taobao.org/postcss-modules-scope/download/postcss-modules-scope-3.0.0.tgz#9ef3151456d3bbfa120ca44898dfca6f2fa01f06"
  integrity sha1-nvMVFFbTu/oSDKRImN/Kby+gHwY=
  dependencies:
    postcss-selector-parser "^6.0.4"

postcss-modules-values@^4.0.0:
  version "4.0.0"
  resolved "https://registry.npm.taobao.org/postcss-modules-values/download/postcss-modules-values-4.0.0.tgz?cache=0&sync_timestamp=1602586215124&other_urls=https%3A%2F%2Fregistry.npm.taobao.org%2Fpostcss-modules-values%2Fdownload%2Fpostcss-modules-values-4.0.0.tgz#d7c5e7e68c3bb3c9b27cbf48ca0bb3ffb4602c9c"
  integrity sha1-18Xn5ow7s8myfL9Iyguz/7RgLJw=
  dependencies:
    icss-utils "^5.0.0"

postcss-modules@^4.0.0:
  version "4.1.3"
  resolved "https://registry.nlark.com/postcss-modules/download/postcss-modules-4.1.3.tgz#c4c4c41d98d97d24c70e88dacfc97af5a4b3e21d"
  integrity sha1-xMTEHZjZfSTHDojaz8l69aSz4h0=
  dependencies:
    generic-names "^2.0.1"
    icss-replace-symbols "^1.1.0"
    lodash.camelcase "^4.3.0"
    postcss-modules-extract-imports "^3.0.0"
    postcss-modules-local-by-default "^4.0.0"
    postcss-modules-scope "^3.0.0"
    postcss-modules-values "^4.0.0"
    string-hash "^1.1.1"

postcss-selector-parser@^6.0.2, postcss-selector-parser@^6.0.4:
  version "6.0.6"
  resolved "https://registry.nlark.com/postcss-selector-parser/download/postcss-selector-parser-6.0.6.tgz#2c5bba8174ac2f6981ab631a42ab0ee54af332ea"
  integrity sha1-LFu6gXSsL2mBq2MaQqsO5UrzMuo=
  dependencies:
    cssesc "^3.0.0"
    util-deprecate "^1.0.2"

postcss-value-parser@^4.1.0:
  version "4.1.0"
  resolved "https://registry.npm.taobao.org/postcss-value-parser/download/postcss-value-parser-4.1.0.tgz#443f6a20ced6481a2bda4fa8532a6e55d789a2cb"
  integrity sha1-RD9qIM7WSBor2k+oUypuVdeJoss=

postcss@^8.1.10, postcss@^8.2.10:
  version "8.3.0"
  resolved "https://registry.nlark.com/postcss/download/postcss-8.3.0.tgz#b1a713f6172ca427e3f05ef1303de8b65683325f"
  integrity sha1-sacT9hcspCfj8F7xMD3otlaDMl8=
  dependencies:
    colorette "^1.2.2"
    nanoid "^3.1.23"
    source-map-js "^0.6.2"

pretty-format@^26.0.0, pretty-format@^26.6.2:
  version "26.6.2"
  resolved "https://registry.nlark.com/pretty-format/download/pretty-format-26.6.2.tgz?cache=0&sync_timestamp=1622290311384&other_urls=https%3A%2F%2Fregistry.nlark.com%2Fpretty-format%2Fdownload%2Fpretty-format-26.6.2.tgz#e35c2705f14cb7fe2fe94fa078345b444120fc93"
  integrity sha1-41wnBfFMt/4v6U+geDRbREEg/JM=
  dependencies:
    "@jest/types" "^26.6.2"
    ansi-regex "^5.0.0"
    ansi-styles "^4.0.0"
    react-is "^17.0.1"

react-is@^17.0.1:
  version "17.0.2"
  resolved "https://registry.nlark.com/react-is/download/react-is-17.0.2.tgz#e691d4a8e9c789365655539ab372762b0efb54f0"
  integrity sha1-5pHUqOnHiTZWVVOas3J2Kw77VPA=

resize-observer-polyfill@^1.5.1:
  version "1.5.1"
  resolved "https://registry.npm.taobao.org/resize-observer-polyfill/download/resize-observer-polyfill-1.5.1.tgz#0e9020dd3d21024458d4ebd27e23e40269810464"
  integrity sha1-DpAg3T0hAkRY1OvSfiPkAmmBBGQ=

resolve@^1.19.0:
  version "1.20.0"
  resolved "https://registry.npm.taobao.org/resolve/download/resolve-1.20.0.tgz#629a013fb3f70755d6f0b7935cc1c2c5378b1975"
  integrity sha1-YpoBP7P3B1XW8LeTXMHCxTeLGXU=
  dependencies:
    is-core-module "^2.2.0"
    path-parse "^1.0.6"

rollup@^2.38.5:
  version "2.51.0"
  resolved "https://registry.nlark.com/rollup/download/rollup-2.51.0.tgz?cache=0&sync_timestamp=1622979504511&other_urls=https%3A%2F%2Fregistry.nlark.com%2Frollup%2Fdownload%2Frollup-2.51.0.tgz#ffd847882283998fc8611cd57af917f173b4ab5c"
  integrity sha1-/9hHiCKDmY/IYRzVevkX8XO0q1w=
  optionalDependencies:
    fsevents "~2.3.1"

seemly@^0.3.1:
  version "0.3.1"
  resolved "https://registry.nlark.com/seemly/download/seemly-0.3.1.tgz#bcb439d7e399a7cc546ca86c31d24328cc3944ca"
  integrity sha1-vLQ51+OZp8xUbKhsMdJDKMw5RMo=
  dependencies:
    "@types/jest" "^26.0.20"

source-map-js@^0.6.2:
  version "0.6.2"
  resolved "https://registry.nlark.com/source-map-js/download/source-map-js-0.6.2.tgz#0bb5de631b41cfbda6cfba8bd05a80efdfd2385e"
  integrity sha1-C7XeYxtBz72mz7qL0FqA79/SOF4=

source-map@^0.6.1:
  version "0.6.1"
  resolved "https://registry.npm.taobao.org/source-map/download/source-map-0.6.1.tgz#74722af32e9614e9c287a8d0bbde48b5e2f1a263"
  integrity sha1-dHIq8y6WFOnCh6jQu95IteLxomM=

sourcemap-codec@^1.4.4:
  version "1.4.8"
  resolved "https://registry.npm.taobao.org/sourcemap-codec/download/sourcemap-codec-1.4.8.tgz#ea804bd94857402e6992d05a38ef1ae35a9ab4c4"
  integrity sha1-6oBL2UhXQC5pktBaOO8a41qatMQ=

string-hash@^1.1.1:
  version "1.1.3"
  resolved "https://registry.npm.taobao.org/string-hash/download/string-hash-1.1.3.tgz#e8aafc0ac1855b4666929ed7dd1275df5d6c811b"
  integrity sha1-6Kr8CsGFW0Zmkp7X3RJ1311sgRs=

supports-color@^7.1.0:
  version "7.2.0"
  resolved "https://registry.nlark.com/supports-color/download/supports-color-7.2.0.tgz?cache=0&sync_timestamp=1622293630895&other_urls=https%3A%2F%2Fregistry.nlark.com%2Fsupports-color%2Fdownload%2Fsupports-color-7.2.0.tgz#1b7dcdcb32b8138801b3e478ba6a51caa89648da"
  integrity sha1-G33NyzK4E4gBs+R4umpRyqiWSNo=
  dependencies:
    has-flag "^4.0.0"

to-fast-properties@^2.0.0:
  version "2.0.0"
  resolved "https://registry.nlark.com/to-fast-properties/download/to-fast-properties-2.0.0.tgz#dc5e698cbd079265bc73e0377681a4e4e83f616e"
  integrity sha1-3F5pjL0HkmW8c+A3doGk5Og/YW4=

treemate@^0.2.10:
  version "0.2.10"
  resolved "https://registry.nlark.com/treemate/download/treemate-0.2.10.tgz#632618e854fa2e946233b5b87f116b86a5d0085f"
  integrity sha1-YyYY6FT6LpRiM7W4fxFrhqXQCF8=

util-deprecate@^1.0.2:
  version "1.0.2"
  resolved "https://registry.npm.taobao.org/util-deprecate/download/util-deprecate-1.0.2.tgz#450d4dc9fa70de732762fbd2d4a28981419a0ccf"
  integrity sha1-RQ1Nyfpw3nMnYvvS1KKJgUGaDM8=

vdirs@^0.1.4:
  version "0.1.4"
  resolved "https://registry.nlark.com/vdirs/download/vdirs-0.1.4.tgz#c4c0ff86cf47fed03de5f869e265311ef188ab74"
  integrity sha1-xMD/hs9H/tA95fhp4mUxHvGIq3Q=
  dependencies:
    "@types/node" "^14.14.10"
    evtd "^0.2.2"

vfonts@^0.1.0:
  version "0.1.0"
  resolved "https://registry.nlark.com/vfonts/download/vfonts-0.1.0.tgz#c16af37ca044b2725ae55553049280efbe6222a9"
  integrity sha1-wWrzfKBEsnJa5VVTBJKA775iIqk=

vite@^2.3.5:
  version "2.3.6"
  resolved "https://registry.nlark.com/vite/download/vite-2.3.6.tgz?cache=0&sync_timestamp=1622612703035&other_urls=https%3A%2F%2Fregistry.nlark.com%2Fvite%2Fdownload%2Fvite-2.3.6.tgz#1f7cfde88a51a802d69000c7bac85d481c2e871c"
  integrity sha1-H3z96IpRqALWkADHushdSBwuhxw=
  dependencies:
    esbuild "^0.12.5"
    postcss "^8.2.10"
    resolve "^1.19.0"
    rollup "^2.38.5"
  optionalDependencies:
    fsevents "~2.3.1"

vooks@^0.2.4:
  version "0.2.5"
  resolved "https://registry.nlark.com/vooks/download/vooks-0.2.5.tgz#3943c0125d7780bacf734ca6e89a84ab6f9cf8a2"
  integrity sha1-OUPAEl13gLrPc0ym6JqEq2+c+KI=
  dependencies:
    evtd "^0.2.2"

vue-router@^4.0.5:
  version "4.0.8"
  resolved "https://registry.nlark.com/vue-router/download/vue-router-4.0.8.tgz#55d4290a3122444edbc91a3cd2492bb1d0cef494"
  integrity sha1-VdQpCjEiRE7byRo80kkrsdDO9JQ=
  dependencies:
    "@vue/devtools-api" "^6.0.0-beta.10"

vue@^3.0.10, vue@^3.0.5:
  version "3.1.1"
  resolved "https://registry.nlark.com/vue/download/vue-3.1.1.tgz#9ad655758a0fa6c0dee5b3d2431d3912a9b381aa"
  integrity sha1-mtZVdYoPpsDe5bPSQx05Eqmzgao=
  dependencies:
    "@vue/compiler-dom" "3.1.1"
    "@vue/runtime-dom" "3.1.1"
    "@vue/shared" "3.1.1"

vueuc@^0.4.5:
  version "0.4.7"
  resolved "https://registry.nlark.com/vueuc/download/vueuc-0.4.7.tgz#1797b694f2f58d923702153baf7b3138670394f2"
  integrity sha1-F5e2lPL1jZI3AhU7r3sxOGcDlPI=
  dependencies:
    css-render "^0.15.2"
    evtd "^0.2.2"
    resize-observer-polyfill "^1.5.1"
    seemly "^0.3.1"
    vdirs "^0.1.4"
    vooks "^0.2.4"

yallist@^3.0.2:
  version "3.1.1"
  resolved "https://registry.npm.taobao.org/yallist/download/yallist-3.1.1.tgz#dbb7daf9bfd8bac9ab45ebf602b8cbad0d5d08fd"
  integrity sha1-27fa+b/YusmrRev2ArjLrQ1dCP0=
